
Microsoft Visual Studio Solution File, Format Version 12.00
# Visual Studio 14
VisualStudioVersion = 14.0.25420.1
MinimumVisualStudioVersion = 10.0.40219.1
Project("{FAE04EC0-301F-11D3-BF4B-00C04F79EFBC}") = "Greg.Xrm.Batches.Core", "Greg.Xrm.Batches.Core\Greg.Xrm.Batches.Core.csproj", "{EDC963F5-00D5-4525-B869-5F1F52EB0E69}"
EndProject
Project("{FAE04EC0-301F-11D3-BF4B-00C04F79EFBC}") = "Greg.Xrm.Batches.ConsoleUI", "Greg.Xrm.Batches.ConsoleUI\Greg.Xrm.Batches.ConsoleUI.csproj", "{8841E8B9-3782-433A-8369-1F9154EE079F}"
EndProject
Global
	GlobalSection(SolutionConfigurationPlatforms) = preSolution
		Debug|Any CPU = Debug|Any CPU
		Release|Any CPU = Release|Any CPU
	EndGlobalSection
	GlobalSection(ProjectConfigurationPlatforms) = postSolution
		{EDC963F5-00D5-4525-B869-5F1F52EB0E69}.Debug|Any CPU.ActiveCfg = Debug|Any CPU
		{EDC963F5-00D5-4525-B869-5F1F52EB0E69}.Debug|Any CPU.Build.0 = Debug|Any CPU
		{EDC963F5-00D5-4525-B869-5F1F52EB0E69}.Release|Any CPU.ActiveCfg = Release|Any CPU
		{EDC963F5-00D5-4525-B869-5F1F52EB0E69}.Release|Any CPU.Build.0 = Release|Any CPU
		{8841E8B9-3782-433A-8369-1F9154EE079F}.Debug|Any CPU.ActiveCfg = Debug|Any CPU
		{8841E8B9-3782-433A-8369-1F9154EE079F}.Debug|Any CPU.Build.0 = Debug|Any CPU
		{8841E8B9-3782-433A-8369-1F9154EE079F}.Release|Any CPU.ActiveCfg = Release|Any CPU
		{8841E8B9-3782-433A-8369-1F9154EE079F}.Release|Any CPU.Build.0 = Release|Any CPU
	EndGlobalSection
	GlobalSection(SolutionProperties) = preSolution
		HideSolutionNode = FALSE
	EndGlobalSection
EndGlobal
